// !$*UTF8*$!
{
	archiveVersion = 1;
	classes = {
	};
	objectVersion = 46;
	objects = {

/* Begin PBXBuildFile section */
		52A375EC1D963EED00B7D381 /* RegisterPageViewController.swift in Sources */ = {isa = PBXBuildFile; fileRef = 52A375EB1D963EED00B7D381 /* RegisterPageViewController.swift */; };
		52C25BCC1D96023D0072DBDD /* AppDelegate.swift in Sources */ = {isa = PBXBuildFile; fileRef = 52C25BCB1D96023D0072DBDD /* AppDelegate.swift */; };
		52C25BCE1D96023D0072DBDD /* ViewController.swift in Sources */ = {isa = PBXBuildFile; fileRef = 52C25BCD1D96023D0072DBDD /* ViewController.swift */; };
		52C25BD11D96023D0072DBDD /* Main.storyboard in Resources */ = {isa = PBXBuildFile; fileRef = 52C25BCF1D96023D0072DBDD /* Main.storyboard */; };
		52C25BD31D96023D0072DBDD /* Assets.xcassets in Resources */ = {isa = PBXBuildFile; fileRef = 52C25BD21D96023D0072DBDD /* Assets.xcassets */; };
		52C25BD61D96023D0072DBDD /* LaunchScreen.storyboard in Resources */ = {isa = PBXBuildFile; fileRef = 52C25BD41D96023D0072DBDD /* LaunchScreen.storyboard */; };
/* End PBXBuildFile section */

/* Begin PBXFileReference section */
		52A375EB1D963EED00B7D381 /* RegisterPageViewController.swift */ = {isa = PBXFileReference; fileEncoding = 4; lastKnownFileType = sourcecode.swift; path = RegisterPageViewController.swift; sourceTree = "<group>"; };
		52C25BC81D96023D0072DBDD /* Event.app */ = {isa = PBXFileReference; explicitFileType = wrapper.application; includeInIndex = 0; path = Event.app; sourceTree = BUILT_PRODUCTS_DIR; };
		52C25BCB1D96023D0072DBDD /* AppDelegate.swift */ = {isa = PBXFileReference; lastKnownFileType = sourcecode.swift; path = AppDelegate.swift; sourceTree = "<group>"; };
		52C25BCD1D96023D0072DBDD /* ViewController.swift */ = {isa = PBXFileReference; lastKnownFileType = sourcecode.swift; path = ViewController.swift; sourceTree = "<group>"; };
		52C25BD01D96023D0072DBDD /* Base */ = {isa = PBXFileReference; lastKnownFileType = file.storyboard; name = Base; path = Base.lproj/Main.storyboard; sourceTree = "<group>"; };
		52C25BD21D96023D0072DBDD /* Assets.xcassets */ = {isa = PBXFileReference; lastKnownFileType = folder.assetcatalog; path = Assets.xcassets; sourceTree = "<group>"; };
		52C25BD51D96023D0072DBDD /* Base */ = {isa = PBXFileReference; lastKnownFileType = file.storyboard; name = Base; path = Base.lproj/LaunchScreen.storyboard; sourceTree = "<group>"; };
		52C25BD71D96023D0072DBDD /* Info.plist */ = {isa = PBXFileReference; lastKnownFileType = text.plist.xml; path = Info.plist; sourceTree = "<group>"; };
/* End PBXFileReference section */

/* Begin PBXFrameworksBuildPhase section */
		52C25BC51D96023D0072DBDD /* Frameworks */ = {
			isa = PBXFrameworksBuildPhase;
			buildActionMask = 2147483647;
			files = (
			);
			runOnlyForDeploymentPostprocessing = 0;
		};
/* End PBXFrameworksBuildPhase section */

/* Begin PBXGroup section */
		52C25BBF1D96023D0072DBDD = {
			isa = PBXGroup;
			children = (
				52C25BCA1D96023D0072DBDD /* Event */,
				52C25BC91D96023D0072DBDD /* Products */,
			);
			sourceTree = "<group>";
		};
		52C25BC91D96023D0072DBDD /* Products */ = {
			isa = PBXGroup;
			children = (
				52C25BC81D96023D0072DBDD /* Event.app */,
			);
			name = Products;
			sourceTree = "<group>";
		};
		52C25BCA1D96023D0072DBDD /* Event */ = {
			isa = PBXGroup;
			children = (
				52C25BCB1D96023D0072DBDD /* AppDelegate.swift */,
				52C25BCD1D96023D0072DBDD /* ViewController.swift */,
				52C25BCF1D96023D0072DBDD /* Main.storyboard */,
				52A375EB1D963EED00B7D381 /* RegisterPageViewController.swift */,
				52C25BD21D96023D0072DBDD /* Assets.xcassets */,
				52C25BD41D96023D0072DBDD /* LaunchScreen.storyboard */,
				52C25BD71D96023D0072DBDD /* Info.plist */,
			);
			path = Event;
			sourceTree = "<group>";
		};
/* End PBXGroup section */

/* Begin PBXNativeTarget section */
		52C25BC71D96023D0072DBDD /* Event */ = {
			isa = PBXNativeTarget;
			buildConfigurationList = 52C25BDA1D96023D0072DBDD /* Build configuration list for PBXNativeTarget "Event" */;
			buildPhases = (
				52C25BC41D96023D0072DBDD /* Sources */,
				52C25BC51D96023D0072DBDD /* Frameworks */,
				52C25BC61D96023D0072DBDD /* Resources */,
			);
			buildRules = (
			);
			dependencies = (
			);
			name = Event;
			productName = Event;
			productReference = 52C25BC81D96023D0072DBDD /* Event.app */;
			productType = "com.apple.product-type.application";
		};
/* End PBXNativeTarget section */

/* Begin PBXProject section */
		52C25BC01D96023D0072DBDD /* Project object */ = {
			isa = PBXProject;
			attributes = {
				LastSwiftUpdateCheck = 0800;
				LastUpgradeCheck = 0800;
				ORGANIZATIONNAME = "Dory Zhong";
				TargetAttributes = {
					52C25BC71D96023D0072DBDD = {
						CreatedOnToolsVersion = 8.0;
						ProvisioningStyle = Automatic;
					};
				};
			};
			buildConfigurationList = 52C25BC31D96023D0072DBDD /* Build configuration list for PBXProject "Event" */;
			compatibilityVersion = "Xcode 3.2";
			developmentRegion = English;
			hasScannedForEncodings = 0;
			knownRegions = (
				en,
				Base,
			);
			mainGroup = 52C25BBF1D96023D0072DBDD;
			productRefGroup = 52C25BC91D96023D0072DBDD /* Products */;
			projectDirPath = "";
			projectRoot = "";
			targets = (
				52C25BC71D96023D0072DBDD /* Event */,
			);
		};
/* End PBXProject section */

/* Begin PBXResourcesBuildPhase section */
		52C25BC61D96023D0072DBDD /* Resources */ = {
			isa = PBXResourcesBuildPhase;
			buildActionMask = 2147483647;
			files = (
				52C25BD61D96023D0072DBDD /* LaunchScreen.storyboard in Resources */,
				52C25BD31D96023D0072DBDD /* Assets.xcassets in Resources */,
				52C25BD11D96023D0072DBDD /* Main.storyboard in Resources */,
			);
			runOnlyForDeploymentPostprocessing = 0;
		};
/* End PBXResourcesBuildPhase section */

/* Begin PBXSourcesBuildPhase section */
		52C25BC41D96023D0072DBDD /* Sources */ = {
			isa = PBXSourcesBuildPhase;
			buildActionMask = 2147483647;
			files = (
				52C25BCE1D96023D0072DBDD /* ViewController.swift in Sources */,
				52C25BCC1D96023D0072DBDD /* AppDelegate.swift in Sources */,
				52A375EC1D963EED00B7D381 /* RegisterPageViewController.swift in Sources */,
			);
			runOnlyForDeploymentPostprocessing = 0;
		};
/* End PBXSourcesBuildPhase section */

/* Begin PBXVariantGroup section */
		52C25BCF1D96023D0072DBDD /* Main.storyboard */ = {
			isa = PBXVariantGroup;
			children = (
				52C25BD01D96023D0072DBDD /* Base */,
			);
			name = Main.storyboard;
			sourceTree = "<group>";
		};
		52C25BD41D96023D0072DBDD /* LaunchScreen.storyboard */ = {
			isa = PBXVariantGroup;
			children = (
				52C25BD51D96023D0072DBDD /* Base */,
			);
			name = LaunchScreen.storyboard;
			sourceTree = "<group>";
		};
/* End PBXVariantGroup section */

/* Begin XCBuildConfiguration section */
		52C25BD81D96023D0072DBDD /* Debug */ = {
			isa = XCBuildConfiguration;
			buildSettings = {
				ALWAYS_SEARCH_USER_PATHS = NO;
				CLANG_ANALYZER_NONNULL = YES;
				CLANG_CXX_LANGUAGE_STANDARD = "gnu++0x";
				CLANG_CXX_LIBRARY = "libc++";
				CLANG_ENABLE_MODULES = YES;
				CLANG_ENABLE_OBJC_ARC = YES;
				CLANG_WARN_BOOL_CONVERSION = YES;
				CLANG_WARN_CONSTANT_CONVERSION = YES;
				CLANG_WARN_DIRECT_OBJC_ISA_USAGE = YES_ERROR;
				CLANG_WARN_DOCUMENTATION_COMMENTS = YES;
				CLANG_WARN_EMPTY_BODY = YES;
				CLANG_WARN_ENUM_CONVERSION = YES;
				CLANG_WARN_INFINITE_RECURSION = YES;
				CLANG_WARN_INT_CONVERSION = YES;
				CLANG_WARN_OBJC_ROOT_CLASS = YES_ERROR;
				CLANG_WARN_SUSPICIOUS_MOVES = YES;
				CLANG_WARN_UNREACHABLE_CODE = YES;
				CLANG_WARN__DUPLICATE_METHOD_MATCH = YES;
				"CODE_SIGN_IDENTITY[sdk=iphoneos*]" = "iPhone Developer";
				COPY_PHASE_STRIP = NO;
				DEBUG_INFORMATION_FORMAT = dwarf;
				ENABLE_STRICT_OBJC_MSGSEND = YES;
				ENABLE_TESTABILITY = YES;
				GCC_C_LANGUAGE_STANDARD = gnu99;
				GCC_DYNAMIC_NO_PIC = NO;
				GCC_NO_COMMON_BLOCKS = YES;
				GCC_OPTIMIZATION_LEVEL = 0;
				GCC_PREPROCESSOR_DEFINITIONS = (
					"DEBUG=1",
					"$(inherited)",
				);
				GCC_WARN_64_TO_32_BIT_CONVERSION = YES;
				GCC_WARN_ABOUT_RETURN_TYPE = YES_ERROR;
				GCC_WARN_UNDECLARED_SELECTOR = YES;
				GCC_WARN_UNINITIALIZED_AUTOS = YES_AGGRESSIVE;
				GCC_WARN_UNUSED_FUNCTION = YES;
				GCC_WARN_UNUSED_VARIABLE = YES;
				IPHONEOS_DEPLOYMENT_TARGET = 10.0;
				MTL_ENABLE_DEBUG_INFO = YES;
				ONLY_ACTIVE_ARCH = YES;
				SDKROOT = iphoneos;
				SWIFT_ACTIVE_COMPILATION_CONDITIONS = DEBUG;
				SWIFT_OPTIMIZATION_LEVEL = "-Onone";
			};
			name = Debug;
		};
		52C25BD91D96023D0072DBDD /* Release */ = {
			isa = XCBuildConfiguration;
			buildSettings = {
				ALWAYS_SEARCH_USER_PATHS = NO;
				CLANG_ANALYZER_NONNULL = YES;
				CLANG_CXX_LANGUAGE_STANDARD = "gnu++0x";
				CLANG_CXX_LIBRARY = "libc++";
				CLANG_ENABLE_MODULES = YES;
				CLANG_ENABLE_OBJC_ARC = YES;
				CLANG_WARN_BOOL_CONVERSION = YES;
				CLANG_WARN_CONSTANT_CONVERSION = YES;
				CLANG_WARN_DIRECT_OBJC_ISA_USAGE = YES_ERROR;
				CLANG_WARN_DOCUMENTATION_COMMENTS = YES;
				CLANG_WARN_EMPTY_BODY = YES;
				CLANG_WARN_ENUM_CONVERSION = YES;
				CLANG_WARN_INFINITE_RECURSION = YES;
				CLANG_WARN_INT_CONVERSION = YES;
				CLANG_WARN_OBJC_ROOT_CLASS = YES_ERROR;
				CLANG_WARN_SUSPICIOUS_MOVES = YES;
				CLANG_WARN_UNREACHABLE_CODE = YES;
				CLANG_WARN__DUPLICATE_METHOD_MATCH = YES;
				"CODE_SIGN_IDENTITY[sdk=iphoneos*]" = "iPhone Developer";
				COPY_PHASE_STRIP = NO;
				DEBUG_INFORMATION_FORMAT = "dwarf-with-dsym";
				ENABLE_NS_ASSERTIONS = NO;
				ENABLE_STRICT_OBJC_MSGSEND = YES;
				GCC_C_LANGUAGE_STANDARD = gnu99;
				GCC_NO_COMMON_BLOCKS = YES;
				GCC_WARN_64_TO_32_BIT_CONVERSION = YES;
				GCC_WARN_ABOUT_RETURN_TYPE = YES_ERROR;
				GCC_WARN_UNDECLARED_SELECTOR = YES;
				GCC_WARN_UNINITIALIZED_AUTOS = YES_AGGRESSIVE;
				GCC_WARN_UNUSED_FUNCTION = YES;
				GCC_WARN_UNUSED_VARIABLE = YES;
				IPHONEOS_DEPLOYMENT_TARGET = 10.0;
				MTL_ENABLE_DEBUG_INFO = NO;
				SDKROOT = iphoneos;
				SWIFT_OPTIMIZATION_LEVEL = "-Owholemodule";
				VALIDATE_PRODUCT = YES;
			};
			name = Release;
		};
		52C25BDB1D96023D0072DBDD /* Debug */ = {
			isa = XCBuildConfiguration;
			buildSettings = {
				ASSETCATALOG_COMPILER_APPICON_NAME = AppIcon;
				INFOPLIST_FILE = Event/Info.plist;
				LD_RUNPATH_SEARCH_PATHS = "$(inherited) @executable_path/Frameworks";
				PRODUCT_BUNDLE_IDENTIFIER = com.ucsd.Event;
				PRODUCT_NAME = "$(TARGET_NAME)";
				SWIFT_VERSION = 3.0;
			};
			name = Debug;
		};
		52C25BDC1D96023D0072DBDD /* Release */ = {
			isa = XCBuildConfiguration;
			buildSettings = {
				ASSETCATALOG_COMPILER_APPICON_NAME = AppIcon;
				INFOPLIST_FILE = Event/Info.plist;
				LD_RUNPATH_SEARCH_PATHS = "$(inherited) @executable_path/Frameworks";
				PRODUCT_BUNDLE_IDENTIFIER = com.ucsd.Event;
				PRODUCT_NAME = "$(TARGET_NAME)";
				SWIFT_VERSION = 3.0;
			};
			name = Release;
		};
/* End XCBuildConfiguration section */

/* Begin XCConfigurationList section */
		52C25BC31D96023D0072DBDD /* Build configuration list for PBXProject "Event" */ = {
			isa = XCConfigurationList;
			buildConfigurations = (
				52C25BD81D96023D0072DBDD /* Debug */,
				52C25BD91D96023D0072DBDD /* Release */,
			);
			defaultConfigurationIsVisible = 0;
			defaultConfigurationName = Release;
		};
		52C25BDA1D96023D0072DBDD /* Build configuration list for PBXNativeTarget "Event" */ = {
			isa = XCConfigurationList;
			buildConfigurations = (
				52C25BDB1D96023D0072DBDD /* Debug */,
				52C25BDC1D96023D0072DBDD /* Release */,
			);
			defaultConfigurationIsVisible = 0;
			defaultConfigurationName = Release;
		};
/* End XCConfigurationList section */
	};
	rootObject = 52C25BC01D96023D0072DBDD /* Project object */;
}
